
Microsoft Visual Studio Solution File, Format Version 12.00
# Visual Studio Version 16
VisualStudioVersion = 16.0.31410.357
MinimumVisualStudioVersion = 10.0.40219.1
Project("{FAE04EC0-301F-11D3-BF4B-00C04F79EFBC}") = "EPI-SecuriTree", "EPI-SecuriTree\EPI-SecuriTree.csproj", "{863343E7-AE18-4A24-9642-609592DBB412}"
EndProject
Global
	GlobalSection(SolutionConfigurationPlatforms) = preSolution
		Debug|Any CPU = Debug|Any CPU
		Release|Any CPU = Release|Any CPU
	EndGlobalSection
	GlobalSection(ProjectConfigurationPlatforms) = postSolution
		{863343E7-AE18-4A24-9642-609592DBB412}.Debug|Any CPU.ActiveCfg = Debug|Any CPU
		{863343E7-AE18-4A24-9642-609592DBB412}.Debug|Any CPU.Build.0 = Debug|Any CPU
		{863343E7-AE18-4A24-9642-609592DBB412}.Release|Any CPU.ActiveCfg = Release|Any CPU
		{863343E7-AE18-4A24-9642-609592DBB412}.Release|Any CPU.Build.0 = Release|Any CPU
	EndGlobalSection
	GlobalSection(SolutionProperties) = preSolution
		HideSolutionNode = FALSE
	EndGlobalSection
	GlobalSection(ExtensibilityGlobals) = postSolution
		SolutionGuid = {79978520-1767-4842-8A2C-87B73609DEE0}
	EndGlobalSection
EndGlobal
